
Microsoft Visual Studio Solution File, Format Version 12.00
# Visual Studio Version 16
VisualStudioVersion = 16.0.31624.102
MinimumVisualStudioVersion = 10.0.40219.1
Project("{FAE04EC0-301F-11D3-BF4B-00C04F79EFBC}") = "Ejercicio1", "Ejercicio1\Ejercicio1.csproj", "{F2EF557E-A273-4029-8CCA-83BA5726974E}"
EndProject
Project("{FAE04EC0-301F-11D3-BF4B-00C04F79EFBC}") = "POO", "POO\POO.csproj", "{19E23F90-064B-456B-B154-164C682CE771}"
EndProject
Global
	GlobalSection(SolutionConfigurationPlatforms) = preSolution
		Debug|Any CPU = Debug|Any CPU
		Release|Any CPU = Release|Any CPU
	EndGlobalSection
	GlobalSection(ProjectConfigurationPlatforms) = postSolution
		{F2EF557E-A273-4029-8CCA-83BA5726974E}.Debug|Any CPU.ActiveCfg = Debug|Any CPU
		{F2EF557E-A273-4029-8CCA-83BA5726974E}.Debug|Any CPU.Build.0 = Debug|Any CPU
		{F2EF557E-A273-4029-8CCA-83BA5726974E}.Release|Any CPU.ActiveCfg = Release|Any CPU
		{F2EF557E-A273-4029-8CCA-83BA5726974E}.Release|Any CPU.Build.0 = Release|Any CPU
		{19E23F90-064B-456B-B154-164C682CE771}.Debug|Any CPU.ActiveCfg = Debug|Any CPU
		{19E23F90-064B-456B-B154-164C682CE771}.Debug|Any CPU.Build.0 = Debug|Any CPU
		{19E23F90-064B-456B-B154-164C682CE771}.Release|Any CPU.ActiveCfg = Release|Any CPU
		{19E23F90-064B-456B-B154-164C682CE771}.Release|Any CPU.Build.0 = Release|Any CPU
	EndGlobalSection
	GlobalSection(SolutionProperties) = preSolution
		HideSolutionNode = FALSE
	EndGlobalSection
	GlobalSection(ExtensibilityGlobals) = postSolution
		SolutionGuid = {73660F2E-E62B-4DFC-9968-7F54F1637C4E}
	EndGlobalSection
EndGlobal
